
Microsoft Visual Studio Solution File, Format Version 12.00
# Visual Studio 15
VisualStudioVersion = 15.0.28307.421
MinimumVisualStudioVersion = 10.0.40219.1
Project("{8BC9CEB8-8B4A-11D0-8D11-00A0C91BC942}") = "Task 1", "Task 1\Task 1.vcxproj", "{372004CA-450A-4DAF-978F-B15CF25E4B27}"
EndProject
Global
	GlobalSection(SolutionConfigurationPlatforms) = preSolution
		Debug|x64 = Debug|x64
		Debug|x86 = Debug|x86
		Release|x64 = Release|x64
		Release|x86 = Release|x86
	EndGlobalSection
	GlobalSection(ProjectConfigurationPlatforms) = postSolution
		{372004CA-450A-4DAF-978F-B15CF25E4B27}.Debug|x64.ActiveCfg = Debug|x64
		{372004CA-450A-4DAF-978F-B15CF25E4B27}.Debug|x64.Build.0 = Debug|x64
		{372004CA-450A-4DAF-978F-B15CF25E4B27}.Debug|x86.ActiveCfg = Debug|Win32
		{372004CA-450A-4DAF-978F-B15CF25E4B27}.Debug|x86.Build.0 = Debug|Win32
		{372004CA-450A-4DAF-978F-B15CF25E4B27}.Release|x64.ActiveCfg = Release|x64
		{372004CA-450A-4DAF-978F-B15CF25E4B27}.Release|x64.Build.0 = Release|x64
		{372004CA-450A-4DAF-978F-B15CF25E4B27}.Release|x86.ActiveCfg = Release|Win32
		{372004CA-450A-4DAF-978F-B15CF25E4B27}.Release|x86.Build.0 = Release|Win32
	EndGlobalSection
	GlobalSection(SolutionProperties) = preSolution
		HideSolutionNode = FALSE
	EndGlobalSection
	GlobalSection(ExtensibilityGlobals) = postSolution
		SolutionGuid = {6831D1FC-8135-4629-A1FF-8FA27B15E1D0}
	EndGlobalSection
EndGlobal
